
Microsoft Visual Studio Solution File, Format Version 12.00
# Visual Studio Version 17
VisualStudioVersion = 17.7.34018.315
MinimumVisualStudioVersion = 10.0.40219.1
Project("{FAE04EC0-301F-11D3-BF4B-00C04F79EFBC}") = "vetor9", "vetor9\vetor9.csproj", "{7CAA9908-B717-4638-8074-E15C0C79452D}"
EndProject
Global
	GlobalSection(SolutionConfigurationPlatforms) = preSolution
		Debug|Any CPU = Debug|Any CPU
		Release|Any CPU = Release|Any CPU
	EndGlobalSection
	GlobalSection(ProjectConfigurationPlatforms) = postSolution
		{7CAA9908-B717-4638-8074-E15C0C79452D}.Debug|Any CPU.ActiveCfg = Debug|Any CPU
		{7CAA9908-B717-4638-8074-E15C0C79452D}.Debug|Any CPU.Build.0 = Debug|Any CPU
		{7CAA9908-B717-4638-8074-E15C0C79452D}.Release|Any CPU.ActiveCfg = Release|Any CPU
		{7CAA9908-B717-4638-8074-E15C0C79452D}.Release|Any CPU.Build.0 = Release|Any CPU
	EndGlobalSection
	GlobalSection(SolutionProperties) = preSolution
		HideSolutionNode = FALSE
	EndGlobalSection
	GlobalSection(ExtensibilityGlobals) = postSolution
		SolutionGuid = {44B4C3E7-1CBE-4FFB-8208-FACD97475A0C}
	EndGlobalSection
EndGlobal
